
Microsoft Visual Studio Solution File, Format Version 12.00
# Visual Studio Version 17
VisualStudioVersion = 17.4.33205.214
MinimumVisualStudioVersion = 10.0.40219.1
Project("{9A19103F-16F7-4668-BE54-9A1E7A4F7556}") = "WebScraper", "WebScraper.csproj", "{B59C86F1-0231-440A-A9E0-7940B56BB204}"
EndProject
Project("{FAE04EC0-301F-11D3-BF4B-00C04F79EFBC}") = "WebUtility", "..\WebUtility\WebUtility.csproj", "{450D7EE6-C3E8-4C29-B9D6-BE0F2E37B576}"
EndProject
Global
	GlobalSection(SolutionConfigurationPlatforms) = preSolution
		Debug|Any CPU = Debug|Any CPU
		Release|Any CPU = Release|Any CPU
	EndGlobalSection
	GlobalSection(ProjectConfigurationPlatforms) = postSolution
		{B59C86F1-0231-440A-A9E0-7940B56BB204}.Debug|Any CPU.ActiveCfg = Debug|Any CPU
		{B59C86F1-0231-440A-A9E0-7940B56BB204}.Debug|Any CPU.Build.0 = Debug|Any CPU
		{B59C86F1-0231-440A-A9E0-7940B56BB204}.Release|Any CPU.ActiveCfg = Release|Any CPU
		{B59C86F1-0231-440A-A9E0-7940B56BB204}.Release|Any CPU.Build.0 = Release|Any CPU
		{450D7EE6-C3E8-4C29-B9D6-BE0F2E37B576}.Debug|Any CPU.ActiveCfg = Debug|Any CPU
		{450D7EE6-C3E8-4C29-B9D6-BE0F2E37B576}.Debug|Any CPU.Build.0 = Debug|Any CPU
		{450D7EE6-C3E8-4C29-B9D6-BE0F2E37B576}.Release|Any CPU.ActiveCfg = Release|Any CPU
		{450D7EE6-C3E8-4C29-B9D6-BE0F2E37B576}.Release|Any CPU.Build.0 = Release|Any CPU
	EndGlobalSection
	GlobalSection(SolutionProperties) = preSolution
		HideSolutionNode = FALSE
	EndGlobalSection
	GlobalSection(ExtensibilityGlobals) = postSolution
		SolutionGuid = {0E50E419-14E1-4A2B-9C5C-CA697C07945C}
	EndGlobalSection
EndGlobal
